
Microsoft Visual Studio Solution File, Format Version 10.00
# Visual Studio 2008
Project("{8BC9CEB8-8B4A-11D0-8D11-00A0C91BC942}") = "example", "example.vcproj", "{EA847B35-AC25-40F2-BF97-C0B6A3840571}"
	ProjectSection(ProjectDependencies) = postProject
		{8308C68D-E12B-4C71-96F4-7137F6BEB654} = {8308C68D-E12B-4C71-96F4-7137F6BEB654}
	EndProjectSection
EndProject
Project("{8BC9CEB8-8B4A-11D0-8D11-00A0C91BC942}") = "minigzip", "minigzip.vcproj", "{D4C3884C-2499-4FE2-A4AB-CC023A6F0611}"
	ProjectSection(ProjectDependencies) = postProject
		{8308C68D-E12B-4C71-96F4-7137F6BEB654} = {8308C68D-E12B-4C71-96F4-7137F6BEB654}
	EndProjectSection
EndProject
Project("{8BC9CEB8-8B4A-11D0-8D11-00A0C91BC942}") = "zlib", "zlib.vcproj", "{8308C68D-E12B-4C71-96F4-7137F6BEB654}"
EndProject
Global
	GlobalSection(SolutionConfigurationPlatforms) = preSolution
		DLL ASM Debug|Win32 = DLL ASM Debug|Win32
		DLL ASM Release|Win32 = DLL ASM Release|Win32
		DLL Debug|Win32 = DLL Debug|Win32
		DLL Release|Win32 = DLL Release|Win32
		LIB ASM Debug|Win32 = LIB ASM Debug|Win32
		LIB ASM Release|Win32 = LIB ASM Release|Win32
		LIB Debug|Win32 = LIB Debug|Win32
		LIB Release|Win32 = LIB Release|Win32
	EndGlobalSection
	GlobalSection(ProjectConfigurationPlatforms) = postSolution
		{EA847B35-AC25-40F2-BF97-C0B6A3840571}.DLL ASM Debug|Win32.ActiveCfg = DLL ASM Debug|Win32
		{EA847B35-AC25-40F2-BF97-C0B6A3840571}.DLL ASM Debug|Win32.Build.0 = DLL ASM Debug|Win32
		{EA847B35-AC25-40F2-BF97-C0B6A3840571}.DLL ASM Release|Win32.ActiveCfg = DLL ASM Release|Win32
		{EA847B35-AC25-40F2-BF97-C0B6A3840571}.DLL ASM Release|Win32.Build.0 = DLL ASM Release|Win32
		{EA847B35-AC25-40F2-BF97-C0B6A3840571}.DLL Debug|Win32.ActiveCfg = DLL Debug|Win32
		{EA847B35-AC25-40F2-BF97-C0B6A3840571}.DLL Debug|Win32.Build.0 = DLL Debug|Win32
		{EA847B35-AC25-40F2-BF97-C0B6A3840571}.DLL Release|Win32.ActiveCfg = DLL Release|Win32
		{EA847B35-AC25-40F2-BF97-C0B6A3840571}.DLL Release|Win32.Build.0 = DLL Release|Win32
		{EA847B35-AC25-40F2-BF97-C0B6A3840571}.LIB ASM Debug|Win32.ActiveCfg = LIB ASM Debug|Win32
		{EA847B35-AC25-40F2-BF97-C0B6A3840571}.LIB ASM Debug|Win32.Build.0 = LIB ASM Debug|Win32
		{EA847B35-AC25-40F2-BF97-C0B6A3840571}.LIB ASM Release|Win32.ActiveCfg = LIB ASM Release|Win32
		{EA847B35-AC25-40F2-BF97-C0B6A3840571}.LIB ASM Release|Win32.Build.0 = LIB ASM Release|Win32
		{EA847B35-AC25-40F2-BF97-C0B6A3840571}.LIB Debug|Win32.ActiveCfg = LIB Debug|Win32
		{EA847B35-AC25-40F2-BF97-C0B6A3840571}.LIB Debug|Win32.Build.0 = LIB Debug|Win32
		{EA847B35-AC25-40F2-BF97-C0B6A3840571}.LIB Release|Win32.ActiveCfg = LIB Release|Win32
		{EA847B35-AC25-40F2-BF97-C0B6A3840571}.LIB Release|Win32.Build.0 = LIB Release|Win32
		{D4C3884C-2499-4FE2-A4AB-CC023A6F0611}.DLL ASM Debug|Win32.ActiveCfg = DLL ASM Debug|Win32
		{D4C3884C-2499-4FE2-A4AB-CC023A6F0611}.DLL ASM Debug|Win32.Build.0 = DLL ASM Debug|Win32
		{D4C3884C-2499-4FE2-A4AB-CC023A6F0611}.DLL ASM Release|Win32.ActiveCfg = DLL ASM Release|Win32
		{D4C3884C-2499-4FE2-A4AB-CC023A6F0611}.DLL ASM Release|Win32.Build.0 = DLL ASM Release|Win32
		{D4C3884C-2499-4FE2-A4AB-CC023A6F0611}.DLL Debug|Win32.ActiveCfg = DLL Debug|Win32
		{D4C3884C-2499-4FE2-A4AB-CC023A6F0611}.DLL Debug|Win32.Build.0 = DLL Debug|Win32
		{D4C3884C-2499-4FE2-A4AB-CC023A6F0611}.DLL Release|Win32.ActiveCfg = DLL Release|Win32
		{D4C3884C-2499-4FE2-A4AB-CC023A6F0611}.DLL Release|Win32.Build.0 = DLL Release|Win32
		{D4C3884C-2499-4FE2-A4AB-CC023A6F0611}.LIB ASM Debug|Win32.ActiveCfg = LIB ASM Debug|Win32
		{D4C3884C-2499-4FE2-A4AB-CC023A6F0611}.LIB ASM Debug|Win32.Build.0 = LIB ASM Debug|Win32
		{D4C3884C-2499-4FE2-A4AB-CC023A6F0611}.LIB ASM Release|Win32.ActiveCfg = LIB ASM Release|Win32
		{D4C3884C-2499-4FE2-A4AB-CC023A6F0611}.LIB ASM Release|Win32.Build.0 = LIB ASM Release|Win32
		{D4C3884C-2499-4FE2-A4AB-CC023A6F0611}.LIB Debug|Win32.ActiveCfg = LIB Debug|Win32
		{D4C3884C-2499-4FE2-A4AB-CC023A6F0611}.LIB Debug|Win32.Build.0 = LIB Debug|Win32
		{D4C3884C-2499-4FE2-A4AB-CC023A6F0611}.LIB Release|Win32.ActiveCfg = LIB Release|Win32
		{D4C3884C-2499-4FE2-A4AB-CC023A6F0611}.LIB Release|Win32.Build.0 = LIB Release|Win32
		{8308C68D-E12B-4C71-96F4-7137F6BEB654}.DLL ASM Debug|Win32.ActiveCfg = DLL ASM Debug|Win32
		{8308C68D-E12B-4C71-96F4-7137F6BEB654}.DLL ASM Debug|Win32.Build.0 = DLL ASM Debug|Win32
		{8308C68D-E12B-4C71-96F4-7137F6BEB654}.DLL ASM Release|Win32.ActiveCfg = DLL ASM Release|Win32
		{8308C68D-E12B-4C71-96F4-7137F6BEB654}.DLL ASM Release|Win32.Build.0 = DLL ASM Release|Win32
		{8308C68D-E12B-4C71-96F4-7137F6BEB654}.DLL Debug|Win32.ActiveCfg = DLL Debug|Win32
		{8308C68D-E12B-4C71-96F4-7137F6BEB654}.DLL Debug|Win32.Build.0 = DLL Debug|Win32
		{8308C68D-E12B-4C71-96F4-7137F6BEB654}.DLL Release|Win32.ActiveCfg = DLL Release|Win32
		{8308C68D-E12B-4C71-96F4-7137F6BEB654}.DLL Release|Win32.Build.0 = DLL Release|Win32
		{8308C68D-E12B-4C71-96F4-7137F6BEB654}.LIB ASM Debug|Win32.ActiveCfg = LIB ASM Debug|Win32
		{8308C68D-E12B-4C71-96F4-7137F6BEB654}.LIB ASM Debug|Win32.Build.0 = LIB ASM Debug|Win32
		{8308C68D-E12B-4C71-96F4-7137F6BEB654}.LIB ASM Release|Win32.ActiveCfg = LIB ASM Release|Win32
		{8308C68D-E12B-4C71-96F4-7137F6BEB654}.LIB ASM Release|Win32.Build.0 = LIB ASM Release|Win32
		{8308C68D-E12B-4C71-96F4-7137F6BEB654}.LIB Debug|Win32.ActiveCfg = LIB Debug|Win32
		{8308C68D-E12B-4C71-96F4-7137F6BEB654}.LIB Debug|Win32.Build.0 = LIB Debug|Win32
		{8308C68D-E12B-4C71-96F4-7137F6BEB654}.LIB Release|Win32.ActiveCfg = LIB Release|Win32
		{8308C68D-E12B-4C71-96F4-7137F6BEB654}.LIB Release|Win32.Build.0 = LIB Release|Win32
	EndGlobalSection
	GlobalSection(SolutionProperties) = preSolution
		HideSolutionNode = FALSE
	EndGlobalSection
EndGlobal
